PODS:
  - boost-for-react-native (1.63.0)
  - BoringSSL-GRPC (0.0.2):
    - BoringSSL-GRPC/Implementation (= 0.0.2)
    - BoringSSL-GRPC/Interface (= 0.0.2)
  - BoringSSL-GRPC/Implementation (0.0.2):
    - BoringSSL-GRPC/Interface (= 0.0.2)
  - BoringSSL-GRPC/Interface (0.0.2)
  - BVLinearGradient (2.4.3):
    - React
  - DoubleConversion (1.1.6)
  - Firebase/Core (5.11.0):
    - Firebase/CoreOnly
    - FirebaseAnalytics (= 5.3.0)
  - Firebase/CoreOnly (5.11.0):
    - FirebaseCore (= 5.1.6)
  - Firebase/Firestore (5.11.0):
    - Firebase/CoreOnly
    - FirebaseFirestore (= 0.13.6)
  - FirebaseAnalytics (5.3.0):
    - FirebaseCore (~> 5.1)
    - FirebaseInstanceID (~> 3.3)
    - GoogleAppMeasurement (~> 5.3)
    - GoogleUtilities/AppDelegateSwizzler (~> 5.2)
    - GoogleUtilities/MethodSwizzler (~> 5.2)
    - GoogleUtilities/Network (~> 5.2)
    - "GoogleUtilities/NSData+zlib (~> 5.2)"
    - nanopb (~> 0.3)
  - FirebaseAuthInterop (1.0.0)
  - FirebaseCore (5.1.6):
    - GoogleUtilities/Logger (~> 5.2)
  - FirebaseFirestore (0.13.6):
    - FirebaseAuthInterop (~> 1.0)
    - FirebaseCore (~> 5.1)
    - FirebaseFirestore/abseil-cpp (= 0.13.6)
    - "gRPC-C++ (~> 0.0.3)"
    - gRPC-ProtoRPC (~> 1.0)
    - leveldb-library (~> 1.20)
    - nanopb (~> 0.3.8)
    - Protobuf (~> 3.1)
  - FirebaseFirestore/abseil-cpp (0.13.6):
    - FirebaseAuthInterop (~> 1.0)
    - FirebaseCore (~> 5.1)
    - "gRPC-C++ (~> 0.0.3)"
    - gRPC-ProtoRPC (~> 1.0)
    - leveldb-library (~> 1.20)
    - nanopb (~> 0.3.8)
    - Protobuf (~> 3.1)
  - FirebaseInstanceID (3.3.0):
    - FirebaseCore (~> 5.1)
    - GoogleUtilities/Environment (~> 5.3)
    - GoogleUtilities/UserDefaults (~> 5.3)
  - Folly (2016.10.31.00):
    - boost-for-react-native
    - DoubleConversion
    - glog
  - glog (0.3.5)
  - Google-Maps-iOS-Utils (2.1.0):
    - Google-Maps-iOS-Utils/Clustering (= 2.1.0)
    - Google-Maps-iOS-Utils/Geometry (= 2.1.0)
    - Google-Maps-iOS-Utils/Heatmap (= 2.1.0)
    - Google-Maps-iOS-Utils/QuadTree (= 2.1.0)
    - GoogleMaps
  - Google-Maps-iOS-Utils/Clustering (2.1.0):
    - Google-Maps-iOS-Utils/QuadTree
    - GoogleMaps
  - Google-Maps-iOS-Utils/Geometry (2.1.0):
    - GoogleMaps
  - Google-Maps-iOS-Utils/Heatmap (2.1.0):
    - Google-Maps-iOS-Utils/QuadTree
    - GoogleMaps
  - Google-Maps-iOS-Utils/QuadTree (2.1.0):
    - GoogleMaps
  - GoogleAppMeasurement (5.4.0):
    - GoogleUtilities/AppDelegateSwizzler (~> 5.2)
    - GoogleUtilities/MethodSwizzler (~> 5.2)
    - GoogleUtilities/Network (~> 5.2)
    - "GoogleUtilities/NSData+zlib (~> 5.2)"
    - nanopb (~> 0.3)
  - GoogleMaps (2.5.0):
    - GoogleMaps/Maps (= 2.5.0)
  - GoogleMaps/Base (2.5.0)
  - GoogleMaps/Maps (2.5.0):
    - GoogleMaps/Base
  - GoogleUtilities/AppDelegateSwizzler (5.3.6):
    - GoogleUtilities/Environment
    - GoogleUtilities/Logger
    - GoogleUtilities/Network
  - GoogleUtilities/Environment (5.3.6)
  - GoogleUtilities/Logger (5.3.6):
    - GoogleUtilities/Environment
  - GoogleUtilities/MethodSwizzler (5.3.6):
    - GoogleUtilities/Logger
  - GoogleUtilities/Network (5.3.6):
    - GoogleUtilities/Logger
    - "GoogleUtilities/NSData+zlib"
    - GoogleUtilities/Reachability
  - "GoogleUtilities/NSData+zlib (5.3.6)"
  - GoogleUtilities/Reachability (5.3.6):
    - GoogleUtilities/Logger
  - GoogleUtilities/UserDefaults (5.3.6):
    - GoogleUtilities/Logger
  - gRPC (1.17.0):
    - gRPC-RxLibrary (= 1.17.0)
    - gRPC/Main (= 1.17.0)
  - "gRPC-C++ (0.0.6)":
    - "gRPC-C++/Implementation (= 0.0.6)"
    - "gRPC-C++/Interface (= 0.0.6)"
  - "gRPC-C++/Implementation (0.0.6)":
    - "gRPC-C++/Interface (= 0.0.6)"
    - gRPC-Core (= 1.17.0)
    - nanopb (~> 0.3)
  - "gRPC-C++/Interface (0.0.6)"
  - gRPC-Core (1.17.0):
    - gRPC-Core/Implementation (= 1.17.0)
    - gRPC-Core/Interface (= 1.17.0)
  - gRPC-Core/Implementation (1.17.0):
    - BoringSSL-GRPC (= 0.0.2)
    - gRPC-Core/Interface (= 1.17.0)
    - nanopb (~> 0.3)
  - gRPC-Core/Interface (1.17.0)
  - gRPC-ProtoRPC (1.17.0):
    - gRPC-ProtoRPC/Main (= 1.17.0)
  - gRPC-ProtoRPC/Main (1.17.0):
    - gRPC (= 1.17.0)
    - gRPC-RxLibrary (= 1.17.0)
    - Protobuf (~> 3.0)
  - gRPC-RxLibrary (1.17.0)
  - gRPC/Main (1.17.0):
    - gRPC-Core (= 1.17.0)
    - gRPC-RxLibrary (= 1.17.0)
  - Interactable (0.1.10):
    - React
  - leveldb-library (1.20)
  - nanopb (0.3.901):
    - nanopb/decode (= 0.3.901)
    - nanopb/encode (= 0.3.901)
  - nanopb/decode (0.3.901)
  - nanopb/encode (0.3.901)
  - Protobuf (3.6.1)
  - React (0.57.1):
    - React/Core (= 0.57.1)
  - react-native-contacts (2.2.4):
    - React
  - react-native-google-maps (0.22.1):
    - Google-Maps-iOS-Utils (= 2.1.0)
    - GoogleMaps (= 2.5.0)
    - React
  - react-native-maps (0.22.1):
    - React
  - react-native-splash-screen (3.0.6):
    - React
  - React/Core (0.57.1):
    - yoga (= 0.57.1.React)
  - React/CxxBridge (0.57.1):
    - Folly (= 2016.10.31.00)
    - React/Core
    - React/cxxreact
  - React/cxxreact (0.57.1):
    - boost-for-react-native (= 1.63.0)
    - Folly (= 2016.10.31.00)
    - React/jschelpers
    - React/jsinspector
  - React/DevSupport (0.57.1):
    - React/Core
    - React/RCTWebSocket
  - React/fishhook (0.57.1)
  - React/jschelpers (0.57.1):
    - Folly (= 2016.10.31.00)
    - React/PrivateDatabase
  - React/jsinspector (0.57.1)
  - React/PrivateDatabase (0.57.1)
  - React/RCTActionSheet (0.57.1):
    - React/Core
  - React/RCTAnimation (0.57.1):
    - React/Core
  - React/RCTBlob (0.57.1):
    - React/Core
  - React/RCTGeolocation (0.57.1):
    - React/Core
  - React/RCTImage (0.57.1):
    - React/Core
    - React/RCTNetwork
  - React/RCTLinkingIOS (0.57.1):
    - React/Core
  - React/RCTNetwork (0.57.1):
    - React/Core
  - React/RCTSettings (0.57.1):
    - React/Core
  - React/RCTText (0.57.1):
    - React/Core
  - React/RCTVibration (0.57.1):
    - React/Core
  - React/RCTWebSocket (0.57.1):
    - React/Core
    - React/fishhook
    - React/RCTBlob
  - RNBackgroundFetch (2.4.4):
    - React
  - RNDeviceInfo (0.9.3):
    - React
  - RNFS (2.12.0):
    - React
  - RNShare (1.1.3):
    - React
  - RNVectorIcons (4.6.0):
    - React
  - RNViewShot (2.5.0):
    - React
  - yoga (0.57.1.React)

DEPENDENCIES:
  - BVLinearGradient (from `../node_modules/react-native-linear-gradient`)
  - DoubleConversion (from `../node_modules/react-native/third-party-podspecs/DoubleConversion.podspec`)
  - Firebase/Core (~> 5.11.0)
  - Firebase/Firestore (~> 5.11.0)
  - Folly (from `../node_modules/react-native/third-party-podspecs/Folly.podspec`)
  - glog (from `../node_modules/react-native/third-party-podspecs/glog.podspec`)
  - Google-Maps-iOS-Utils
  - GoogleMaps
  - Interactable (from `../node_modules/react-native-interactable`)
  - react-native-contacts (from `../node_modules/react-native-contacts`)
  - react-native-google-maps (from `../node_modules/react-native-maps`)
  - react-native-maps (from `../node_modules/react-native-maps`)
  - react-native-splash-screen (from `../node_modules/react-native-splash-screen`)
  - React/Core (from `../node_modules/react-native`)
  - React/CxxBridge (from `../node_modules/react-native`)
  - React/DevSupport (from `../node_modules/react-native`)
  - React/RCTActionSheet (from `../node_modules/react-native`)
  - React/RCTAnimation (from `../node_modules/react-native`)
  - React/RCTGeolocation (from `../node_modules/react-native`)
  - React/RCTImage (from `../node_modules/react-native`)
  - React/RCTLinkingIOS (from `../node_modules/react-native`)
  - React/RCTNetwork (from `../node_modules/react-native`)
  - React/RCTSettings (from `../node_modules/react-native`)
  - React/RCTText (from `../node_modules/react-native`)
  - React/RCTVibration (from `../node_modules/react-native`)
  - React/RCTWebSocket (from `../node_modules/react-native`)
  - RNBackgroundFetch (from `../node_modules/react-native-background-fetch`)
  - RNDeviceInfo (from `../node_modules/react-native-device-info`)
  - RNFS (from `../node_modules/react-native-fs`)
  - RNShare (from `../node_modules/react-native-share`)
  - RNVectorIcons (from `../node_modules/react-native-vector-icons`)
  - RNViewShot (from `../node_modules/react-native-view-shot`)
  - yoga (from `../node_modules/react-native/ReactCommon/yoga/yoga.podspec`)

SPEC REPOS:
  https://github.com/CocoaPods/Specs.git:
    - boost-for-react-native
    - BoringSSL-GRPC
    - Firebase
    - FirebaseAnalytics
    - FirebaseAuthInterop
    - FirebaseCore
    - FirebaseFirestore
    - FirebaseInstanceID
    - Google-Maps-iOS-Utils
    - GoogleAppMeasurement
    - GoogleMaps
    - GoogleUtilities
    - gRPC
    - "gRPC-C++"
    - gRPC-Core
    - gRPC-ProtoRPC
    - gRPC-RxLibrary
    - leveldb-library
    - nanopb
    - Protobuf

EXTERNAL SOURCES:
  BVLinearGradient:
    :path: "../node_modules/react-native-linear-gradient"
  DoubleConversion:
    :podspec: "../node_modules/react-native/third-party-podspecs/DoubleConversion.podspec"
  Folly:
    :podspec: "../node_modules/react-native/third-party-podspecs/Folly.podspec"
  glog:
    :podspec: "../node_modules/react-native/third-party-podspecs/glog.podspec"
  Interactable:
    :path: "../node_modules/react-native-interactable"
  React:
    :path: "../node_modules/react-native"
  react-native-contacts:
    :path: "../node_modules/react-native-contacts"
  react-native-google-maps:
    :path: "../node_modules/react-native-maps"
  react-native-maps:
    :path: "../node_modules/react-native-maps"
  react-native-splash-screen:
    :path: "../node_modules/react-native-splash-screen"
  RNBackgroundFetch:
    :path: "../node_modules/react-native-background-fetch"
  RNDeviceInfo:
    :path: "../node_modules/react-native-device-info"
  RNFS:
    :path: "../node_modules/react-native-fs"
  RNShare:
    :path: "../node_modules/react-native-share"
  RNVectorIcons:
    :path: "../node_modules/react-native-vector-icons"
  RNViewShot:
    :path: "../node_modules/react-native-view-shot"
  yoga:
    :path: "../node_modules/react-native/ReactCommon/yoga/yoga.podspec"

SPEC CHECKSUMS:
  boost-for-react-native: 39c7adb57c4e60d6c5479dd8623128eb5b3f0f2c
  BoringSSL-GRPC: 2a230d9cd93e7ce39916044f645cebb31f37dde6
  BVLinearGradient: 6d8909e3fc6b089defa4b89d967441fa6827a2ee
  DoubleConversion: bb338842f62ab1d708ceb63ec3d999f0f3d98ecd
  Firebase: b48f9e653da971ecce5b8c749684bc8bb2d26bd3
  FirebaseAnalytics: 63202d2665de4e6adcbdce189135255d8b5962ba
  FirebaseAuthInterop: 0ffa57668be100582bb7643d4fcb7615496c41fc
  FirebaseCore: d16552f06821489ce1affe2e5e3e5593402ddfe3
  FirebaseFirestore: 162502df850b584126c609f3449acfb7230d8c1a
  FirebaseInstanceID: e2fa4cb35ef5558c200f7f0ad8a53e212215f93e
  Folly: c89ac2d5c6ab169cd7397ef27485c44f35f742c7
  glog: e8acf0ebbf99759d3ff18c86c292a5898282dcde
  Google-Maps-iOS-Utils: c32891ff472eaaa1fca032beedafa1a013af7875
  GoogleAppMeasurement: 98b71f5e04142793729a5ef23e5b96651ff4b70f
  GoogleMaps: c087b8e5dfe87ca6ebf59adb9b4894a4146bec4f
  GoogleUtilities: 95996bea7c7d9b8fb811b7507669a4a8762f80c7
  gRPC: 72b71666056dcb12235b5238f0ff5948fd60321a
  "gRPC-C++": e76441995900ac90e9bd98644ab4733f12521edf
  gRPC-Core: 4028031ed2c5267cca0d846c876d8046b1ecb9b6
  gRPC-ProtoRPC: 94e90774dd0dc089dece93ec22384d8383988f3f
  gRPC-RxLibrary: f2873a17e8133f66d8ce972f8805aa7a518ae974
  Interactable: 45e5d4d1bb2d196f08b011010c6913469ccf4d0a
  leveldb-library: 08cba283675b7ed2d99629a4bc5fd052cd2bb6a5
  nanopb: 2901f78ea1b7b4015c860c2fdd1ea2fee1a18d48
  Protobuf: 1eb9700044745f00181c136ef21b8ff3ad5a0fd5
  React: 1fe0eb13d90b625d94c3b117c274dcfd2e760e11
  react-native-contacts: 1a8913219e54d1fa20e817b99d9b42b9ec98558d
  react-native-google-maps: b946d62e25dc66097921ed82520e45b0b081768a
  react-native-maps: 066c2afcc89e18726377bcc685315f989ca22449
  react-native-splash-screen: 8e3f866dc79bfe533baeffd0a38c33f7a7eae7f8
  RNBackgroundFetch: 8c4f77f83c398c659bce82af2f0a885079417b9e
  RNDeviceInfo: b375b3374cda3203d6d48cea8c07e46ba1169e26
  RNFS: bbb1a64eb245763daf34aea86f97c97c4e85f74c
  RNShare: d875e8e37f3e5e8eb7a103ae01e06490af1796f6
  RNVectorIcons: c0dbfbf6068fefa240c37b0f71bd03b45dddac44
  RNViewShot: fdf9a64f0621ebc4e7c3392a10d2ffb70a7faee4
  yoga: b1ce48b6cf950b98deae82838f5173ea7cf89e85

PODFILE CHECKSUM: a6dae97e8a7f4e2cbdd390d266e4334d51e6aa5b

COCOAPODS: 1.5.3
